<?xml version="1.0" encoding="UTF-8" standalone="yes" ?>
<CodeBlocks_project_file>
	<FileVersion major="1" minor="6" />
	<Project>
		<Option title="ACO11" />
		<Option compiler="gcc" />
		<Build>
			<Target title="Debug">
				<Option output="bin/Debug/ACO11" prefix_auto="1" extension_auto="1" />
				<Option object_output="obj/Debug/" />
				<Option type="1" />
				<Option compiler="gcc" />
				<Option parameters="Arab14ns.car" />
				<Compiler>
					<Add option="-g" />
				</Compiler>
			</Target>
			<Target title="Release">
				<Option output="bin/Release/ACO11" prefix_auto="1" extension_auto="1" />
				<Option object_output="obj/Release/" />
				<Option type="1" />
				<Option compiler="gcc" />
				<Option parameters="Arab14ns.car" />
				<Compiler>
					<Add option="-O2" />
				</Compiler>
				<Linker>
					<Add option="-s" />
				</Linker>
			</Target>
		</Build>
		<Compiler>
			<Add option="-Wall" />
			<Add option="-std=c++11" />
			<Add option="-m64" />
			<Add option="-fexceptions" />
		</Compiler>
		<Linker>
			<Add option="-m64" />
		</Linker>
		<Unit filename="ACO.cpp" />
		<Unit filename="ACO.h" />
		<Unit filename="CarsPassengers.cpp" />
		<Unit filename="compile_debug">
			<Option target="&lt;{~None~}&gt;" />
		</Unit>
		<Unit filename="display.cpp" />
		<Unit filename="init.cpp" />
		<Unit filename="main.cpp" />
		<Unit filename="parser.cpp" />
		<Unit filename="probabilities.cpp" />
		<Extensions>
			<envvars />
			<code_completion />
			<debugger />
			<lib_finder disable_auto="1" />
		</Extensions>
	</Project>
</CodeBlocks_project_file>
